// !$*UTF8*$!
{
	archiveVersion = 1;
	classes = {
	};
	objectVersion = 55;
	objects = {

/* Begin PBXBuildFile section */
		083FB3232826709400D2D2F9 /* CodeTempleApp.swift in Sources */ = {isa = PBXBuildFile; fileRef = 083FB3222826709400D2D2F9 /* CodeTempleApp.swift */; };
		083FB3252826709400D2D2F9 /* ContentView.swift in Sources */ = {isa = PBXBuildFile; fileRef = 083FB3242826709400D2D2F9 /* ContentView.swift */; };
		083FB3272826709500D2D2F9 /* Assets.xcassets in Resources */ = {isa = PBXBuildFile; fileRef = 083FB3262826709500D2D2F9 /* Assets.xcassets */; };
		083FB32A2826709500D2D2F9 /* Preview Assets.xcassets in Resources */ = {isa = PBXBuildFile; fileRef = 083FB3292826709500D2D2F9 /* Preview Assets.xcassets */; };
		083FB3352826709500D2D2F9 /* CodeTempleTests.swift in Sources */ = {isa = PBXBuildFile; fileRef = 083FB3342826709500D2D2F9 /* CodeTempleTests.swift */; };
		083FB33F2826709500D2D2F9 /* CodeTempleUITests.swift in Sources */ = {isa = PBXBuildFile; fileRef = 083FB33E2826709500D2D2F9 /* CodeTempleUITests.swift */; };
		083FB3412826709500D2D2F9 /* CodeTempleUITestsLaunchTests.swift in Sources */ = {isa = PBXBuildFile; fileRef = 083FB3402826709500D2D2F9 /* CodeTempleUITestsLaunchTests.swift */; };
		083FB3542826747400D2D2F9 /* Cocoa.framework in Frameworks */ = {isa = PBXBuildFile; fileRef = 083FB3532826747400D2D2F9 /* Cocoa.framework */; };
		083FB3592826747400D2D2F9 /* SourceEditorExtension.swift in Sources */ = {isa = PBXBuildFile; fileRef = 083FB3582826747400D2D2F9 /* SourceEditorExtension.swift */; };
		083FB35B2826747400D2D2F9 /* SourceEditorCommand.swift in Sources */ = {isa = PBXBuildFile; fileRef = 083FB35A2826747400D2D2F9 /* SourceEditorCommand.swift */; };
		083FB3602826747400D2D2F9 /* UICodeTemplate.appex in Embed App Extensions */ = {isa = PBXBuildFile; fileRef = 083FB3512826747400D2D2F9 /* UICodeTemplate.appex */; settings = {ATTRIBUTES = (RemoveHeadersOnCopy, ); }; };
		083FB3652828EB0200D2D2F9 /* XcodeKit.framework in Frameworks */ = {isa = PBXBuildFile; fileRef = 083FB3552826747400D2D2F9 /* XcodeKit.framework */; };
		083FB3662828EB0200D2D2F9 /* XcodeKit.framework in Embed Frameworks */ = {isa = PBXBuildFile; fileRef = 083FB3552826747400D2D2F9 /* XcodeKit.framework */; settings = {ATTRIBUTES = (CodeSignOnCopy, RemoveHeadersOnCopy, ); }; };
		083FB36D282A0E7F00D2D2F9 /* CTCodeContext.swift in Sources */ = {isa = PBXBuildFile; fileRef = 083FB36C282A0E7F00D2D2F9 /* CTCodeContext.swift */; };
		083FB36F282A118C00D2D2F9 /* CTCodeInserter.swift in Sources */ = {isa = PBXBuildFile; fileRef = 083FB36E282A118C00D2D2F9 /* CTCodeInserter.swift */; };
/* End PBXBuildFile section */

/* Begin PBXContainerItemProxy section */
		083FB3312826709500D2D2F9 /* PBXContainerItemProxy */ = {
			isa = PBXContainerItemProxy;
			containerPortal = 083FB3172826709400D2D2F9 /* Project object */;
			proxyType = 1;
			remoteGlobalIDString = 083FB31E2826709400D2D2F9;
			remoteInfo = CodeTemple;
		};
		083FB33B2826709500D2D2F9 /* PBXContainerItemProxy */ = {
			isa = PBXContainerItemProxy;
			containerPortal = 083FB3172826709400D2D2F9 /* Project object */;
			proxyType = 1;
			remoteGlobalIDString = 083FB31E2826709400D2D2F9;
			remoteInfo = CodeTemple;
		};
		083FB35E2826747400D2D2F9 /* PBXContainerItemProxy */ = {
			isa = PBXContainerItemProxy;
			containerPortal = 083FB3172826709400D2D2F9 /* Project object */;
			proxyType = 1;
			remoteGlobalIDString = 083FB3502826747400D2D2F9;
			remoteInfo = UICodeTemplate;
		};
/* End PBXContainerItemProxy section */

/* Begin PBXCopyFilesBuildPhase section */
		083FB3642826747400D2D2F9 /* Embed App Extensions */ = {
			isa = PBXCopyFilesBuildPhase;
			buildActionMask = 2147483647;
			dstPath = "";
			dstSubfolderSpec = 13;
			files = (
				083FB3602826747400D2D2F9 /* UICodeTemplate.appex in Embed App Extensions */,
			);
			name = "Embed App Extensions";
			runOnlyForDeploymentPostprocessing = 0;
		};
		083FB3672828EB0200D2D2F9 /* Embed Frameworks */ = {
			isa = PBXCopyFilesBuildPhase;
			buildActionMask = 2147483647;
			dstPath = "";
			dstSubfolderSpec = 10;
			files = (
				083FB3662828EB0200D2D2F9 /* XcodeKit.framework in Embed Frameworks */,
			);
			name = "Embed Frameworks";
			runOnlyForDeploymentPostprocessing = 0;
		};
/* End PBXCopyFilesBuildPhase section */

/* Begin PBXFileReference section */
		083FB31F2826709400D2D2F9 /* CodeTemple.app */ = {isa = PBXFileReference; explicitFileType = wrapper.application; includeInIndex = 0; path = CodeTemple.app; sourceTree = BUILT_PRODUCTS_DIR; };
		083FB3222826709400D2D2F9 /* CodeTempleApp.swift */ = {isa = PBXFileReference; lastKnownFileType = sourcecode.swift; path = CodeTempleApp.swift; sourceTree = "<group>"; };
		083FB3242826709400D2D2F9 /* ContentView.swift */ = {isa = PBXFileReference; lastKnownFileType = sourcecode.swift; path = ContentView.swift; sourceTree = "<group>"; };
		083FB3262826709500D2D2F9 /* Assets.xcassets */ = {isa = PBXFileReference; lastKnownFileType = folder.assetcatalog; path = Assets.xcassets; sourceTree = "<group>"; };
		083FB3292826709500D2D2F9 /* Preview Assets.xcassets */ = {isa = PBXFileReference; lastKnownFileType = folder.assetcatalog; path = "Preview Assets.xcassets"; sourceTree = "<group>"; };
		083FB32B2826709500D2D2F9 /* CodeTemple.entitlements */ = {isa = PBXFileReference; lastKnownFileType = text.plist.entitlements; path = CodeTemple.entitlements; sourceTree = "<group>"; };
		083FB3302826709500D2D2F9 /* CodeTempleTests.xctest */ = {isa = PBXFileReference; explicitFileType = wrapper.cfbundle; includeInIndex = 0; path = CodeTempleTests.xctest; sourceTree = BUILT_PRODUCTS_DIR; };
		083FB3342826709500D2D2F9 /* CodeTempleTests.swift */ = {isa = PBXFileReference; lastKnownFileType = sourcecode.swift; path = CodeTempleTests.swift; sourceTree = "<group>"; };
		083FB33A2826709500D2D2F9 /* CodeTempleUITests.xctest */ = {isa = PBXFileReference; explicitFileType = wrapper.cfbundle; includeInIndex = 0; path = CodeTempleUITests.xctest; sourceTree = BUILT_PRODUCTS_DIR; };
		083FB33E2826709500D2D2F9 /* CodeTempleUITests.swift */ = {isa = PBXFileReference; lastKnownFileType = sourcecode.swift; path = CodeTempleUITests.swift; sourceTree = "<group>"; };
		083FB3402826709500D2D2F9 /* CodeTempleUITestsLaunchTests.swift */ = {isa = PBXFileReference; lastKnownFileType = sourcecode.swift; path = CodeTempleUITestsLaunchTests.swift; sourceTree = "<group>"; };
		083FB3512826747400D2D2F9 /* UICodeTemplate.appex */ = {isa = PBXFileReference; explicitFileType = "wrapper.app-extension"; includeInIndex = 0; path = UICodeTemplate.appex; sourceTree = BUILT_PRODUCTS_DIR; };
		083FB3532826747400D2D2F9 /* Cocoa.framework */ = {isa = PBXFileReference; lastKnownFileType = wrapper.framework; name = Cocoa.framework; path = System/Library/Frameworks/Cocoa.framework; sourceTree = SDKROOT; };
		083FB3552826747400D2D2F9 /* XcodeKit.framework */ = {isa = PBXFileReference; lastKnownFileType = wrapper.framework; name = XcodeKit.framework; path = Library/Frameworks/XcodeKit.framework; sourceTree = DEVELOPER_DIR; };
		083FB3582826747400D2D2F9 /* SourceEditorExtension.swift */ = {isa = PBXFileReference; lastKnownFileType = sourcecode.swift; path = SourceEditorExtension.swift; sourceTree = "<group>"; };
		083FB35A2826747400D2D2F9 /* SourceEditorCommand.swift */ = {isa = PBXFileReference; lastKnownFileType = sourcecode.swift; path = SourceEditorCommand.swift; sourceTree = "<group>"; };
		083FB35C2826747400D2D2F9 /* Info.plist */ = {isa = PBXFileReference; lastKnownFileType = text.plist.xml; path = Info.plist; sourceTree = "<group>"; };
		083FB35D2826747400D2D2F9 /* UICodeTemplate.entitlements */ = {isa = PBXFileReference; lastKnownFileType = text.plist.entitlements; path = UICodeTemplate.entitlements; sourceTree = "<group>"; };
		083FB36C282A0E7F00D2D2F9 /* CTCodeContext.swift */ = {isa = PBXFileReference; lastKnownFileType = sourcecode.swift; path = CTCodeContext.swift; sourceTree = "<group>"; };
		083FB36E282A118C00D2D2F9 /* CTCodeInserter.swift */ = {isa = PBXFileReference; lastKnownFileType = sourcecode.swift; path = CTCodeInserter.swift; sourceTree = "<group>"; };
/* End PBXFileReference section */

/* Begin PBXFrameworksBuildPhase section */
		083FB31C2826709400D2D2F9 /* Frameworks */ = {
			isa = PBXFrameworksBuildPhase;
			buildActionMask = 2147483647;
			files = (
			);
			runOnlyForDeploymentPostprocessing = 0;
		};
		083FB32D2826709500D2D2F9 /* Frameworks */ = {
			isa = PBXFrameworksBuildPhase;
			buildActionMask = 2147483647;
			files = (
			);
			runOnlyForDeploymentPostprocessing = 0;
		};
		083FB3372826709500D2D2F9 /* Frameworks */ = {
			isa = PBXFrameworksBuildPhase;
			buildActionMask = 2147483647;
			files = (
			);
			runOnlyForDeploymentPostprocessing = 0;
		};
		083FB34E2826747400D2D2F9 /* Frameworks */ = {
			isa = PBXFrameworksBuildPhase;
			buildActionMask = 2147483647;
			files = (
				083FB3542826747400D2D2F9 /* Cocoa.framework in Frameworks */,
				083FB3652828EB0200D2D2F9 /* XcodeKit.framework in Frameworks */,
			);
			runOnlyForDeploymentPostprocessing = 0;
		};
/* End PBXFrameworksBuildPhase section */

/* Begin PBXGroup section */
		083FB3162826709400D2D2F9 = {
			isa = PBXGroup;
			children = (
				083FB3212826709400D2D2F9 /* CodeTemple */,
				083FB3332826709500D2D2F9 /* CodeTempleTests */,
				083FB33D2826709500D2D2F9 /* CodeTempleUITests */,
				083FB3572826747400D2D2F9 /* UICodeTemplate */,
				083FB3522826747400D2D2F9 /* Frameworks */,
				083FB3202826709400D2D2F9 /* Products */,
			);
			sourceTree = "<group>";
		};
		083FB3202826709400D2D2F9 /* Products */ = {
			isa = PBXGroup;
			children = (
				083FB31F2826709400D2D2F9 /* CodeTemple.app */,
				083FB3302826709500D2D2F9 /* CodeTempleTests.xctest */,
				083FB33A2826709500D2D2F9 /* CodeTempleUITests.xctest */,
				083FB3512826747400D2D2F9 /* UICodeTemplate.appex */,
			);
			name = Products;
			sourceTree = "<group>";
		};
		083FB3212826709400D2D2F9 /* CodeTemple */ = {
			isa = PBXGroup;
			children = (
				083FB3222826709400D2D2F9 /* CodeTempleApp.swift */,
				083FB3242826709400D2D2F9 /* ContentView.swift */,
				083FB3262826709500D2D2F9 /* Assets.xcassets */,
				083FB32B2826709500D2D2F9 /* CodeTemple.entitlements */,
				083FB3282826709500D2D2F9 /* Preview Content */,
			);
			path = CodeTemple;
			sourceTree = "<group>";
		};
		083FB3282826709500D2D2F9 /* Preview Content */ = {
			isa = PBXGroup;
			children = (
				083FB3292826709500D2D2F9 /* Preview Assets.xcassets */,
			);
			path = "Preview Content";
			sourceTree = "<group>";
		};
		083FB3332826709500D2D2F9 /* CodeTempleTests */ = {
			isa = PBXGroup;
			children = (
				083FB3342826709500D2D2F9 /* CodeTempleTests.swift */,
			);
			path = CodeTempleTests;
			sourceTree = "<group>";
		};
		083FB33D2826709500D2D2F9 /* CodeTempleUITests */ = {
			isa = PBXGroup;
			children = (
				083FB33E2826709500D2D2F9 /* CodeTempleUITests.swift */,
				083FB3402826709500D2D2F9 /* CodeTempleUITestsLaunchTests.swift */,
			);
			path = CodeTempleUITests;
			sourceTree = "<group>";
		};
		083FB3522826747400D2D2F9 /* Frameworks */ = {
			isa = PBXGroup;
			children = (
				083FB3532826747400D2D2F9 /* Cocoa.framework */,
				083FB3552826747400D2D2F9 /* XcodeKit.framework */,
			);
			name = Frameworks;
			sourceTree = "<group>";
		};
		083FB3572826747400D2D2F9 /* UICodeTemplate */ = {
			isa = PBXGroup;
			children = (
				083FB3582826747400D2D2F9 /* SourceEditorExtension.swift */,
				083FB35A2826747400D2D2F9 /* SourceEditorCommand.swift */,
				083FB36C282A0E7F00D2D2F9 /* CTCodeContext.swift */,
				083FB36E282A118C00D2D2F9 /* CTCodeInserter.swift */,
				083FB35C2826747400D2D2F9 /* Info.plist */,
				083FB35D2826747400D2D2F9 /* UICodeTemplate.entitlements */,
			);
			path = UICodeTemplate;
			sourceTree = "<group>";
		};
/* End PBXGroup section */

/* Begin PBXNativeTarget section */
		083FB31E2826709400D2D2F9 /* CodeTemple */ = {
			isa = PBXNativeTarget;
			buildConfigurationList = 083FB3442826709500D2D2F9 /* Build configuration list for PBXNativeTarget "CodeTemple" */;
			buildPhases = (
				083FB31B2826709400D2D2F9 /* Sources */,
				083FB31C2826709400D2D2F9 /* Frameworks */,
				083FB31D2826709400D2D2F9 /* Resources */,
				083FB3642826747400D2D2F9 /* Embed App Extensions */,
			);
			buildRules = (
			);
			dependencies = (
				083FB35F2826747400D2D2F9 /* PBXTargetDependency */,
			);
			name = CodeTemple;
			productName = CodeTemple;
			productReference = 083FB31F2826709400D2D2F9 /* CodeTemple.app */;
			productType = "com.apple.product-type.application";
		};
		083FB32F2826709500D2D2F9 /* CodeTempleTests */ = {
			isa = PBXNativeTarget;
			buildConfigurationList = 083FB3472826709500D2D2F9 /* Build configuration list for PBXNativeTarget "CodeTempleTests" */;
			buildPhases = (
				083FB32C2826709500D2D2F9 /* Sources */,
				083FB32D2826709500D2D2F9 /* Frameworks */,
				083FB32E2826709500D2D2F9 /* Resources */,
			);
			buildRules = (
			);
			dependencies = (
				083FB3322826709500D2D2F9 /* PBXTargetDependency */,
			);
			name = CodeTempleTests;
			productName = CodeTempleTests;
			productReference = 083FB3302826709500D2D2F9 /* CodeTempleTests.xctest */;
			productType = "com.apple.product-type.bundle.unit-test";
		};
		083FB3392826709500D2D2F9 /* CodeTempleUITests */ = {
			isa = PBXNativeTarget;
			buildConfigurationList = 083FB34A2826709500D2D2F9 /* Build configuration list for PBXNativeTarget "CodeTempleUITests" */;
			buildPhases = (
				083FB3362826709500D2D2F9 /* Sources */,
				083FB3372826709500D2D2F9 /* Frameworks */,
				083FB3382826709500D2D2F9 /* Resources */,
			);
			buildRules = (
			);
			dependencies = (
				083FB33C2826709500D2D2F9 /* PBXTargetDependency */,
			);
			name = CodeTempleUITests;
			productName = CodeTempleUITests;
			productReference = 083FB33A2826709500D2D2F9 /* CodeTempleUITests.xctest */;
			productType = "com.apple.product-type.bundle.ui-testing";
		};
		083FB3502826747400D2D2F9 /* UICodeTemplate */ = {
			isa = PBXNativeTarget;
			buildConfigurationList = 083FB3612826747400D2D2F9 /* Build configuration list for PBXNativeTarget "UICodeTemplate" */;
			buildPhases = (
				083FB34D2826747400D2D2F9 /* Sources */,
				083FB34E2826747400D2D2F9 /* Frameworks */,
				083FB34F2826747400D2D2F9 /* Resources */,
				083FB3672828EB0200D2D2F9 /* Embed Frameworks */,
			);
			buildRules = (
			);
			dependencies = (
			);
			name = UICodeTemplate;
			productName = UICodeTemplate;
			productReference = 083FB3512826747400D2D2F9 /* UICodeTemplate.appex */;
			productType = "com.apple.product-type.xcode-extension";
		};
/* End PBXNativeTarget section */

/* Begin PBXProject section */
		083FB3172826709400D2D2F9 /* Project object */ = {
			isa = PBXProject;
			attributes = {
				BuildIndependentTargetsInParallel = 1;
				LastSwiftUpdateCheck = 1330;
				LastUpgradeCheck = 1330;
				TargetAttributes = {
					083FB31E2826709400D2D2F9 = {
						CreatedOnToolsVersion = 13.3.1;
					};
					083FB32F2826709500D2D2F9 = {
						CreatedOnToolsVersion = 13.3.1;
						TestTargetID = 083FB31E2826709400D2D2F9;
					};
					083FB3392826709500D2D2F9 = {
						CreatedOnToolsVersion = 13.3.1;
						TestTargetID = 083FB31E2826709400D2D2F9;
					};
					083FB3502826747400D2D2F9 = {
						CreatedOnToolsVersion = 13.3.1;
					};
				};
			};
			buildConfigurationList = 083FB31A2826709400D2D2F9 /* Build configuration list for PBXProject "CodeTemple" */;
			compatibilityVersion = "Xcode 13.0";
			developmentRegion = en;
			hasScannedForEncodings = 0;
			knownRegions = (
				en,
				Base,
			);
			mainGroup = 083FB3162826709400D2D2F9;
			productRefGroup = 083FB3202826709400D2D2F9 /* Products */;
			projectDirPath = "";
			projectRoot = "";
			targets = (
				083FB31E2826709400D2D2F9 /* CodeTemple */,
				083FB32F2826709500D2D2F9 /* CodeTempleTests */,
				083FB3392826709500D2D2F9 /* CodeTempleUITests */,
				083FB3502826747400D2D2F9 /* UICodeTemplate */,
			);
		};
/* End PBXProject section */

/* Begin PBXResourcesBuildPhase section */
		083FB31D2826709400D2D2F9 /* Resources */ = {
			isa = PBXResourcesBuildPhase;
			buildActionMask = 2147483647;
			files = (
				083FB32A2826709500D2D2F9 /* Preview Assets.xcassets in Resources */,
				083FB3272826709500D2D2F9 /* Assets.xcassets in Resources */,
			);
			runOnlyForDeploymentPostprocessing = 0;
		};
		083FB32E2826709500D2D2F9 /* Resources */ = {
			isa = PBXResourcesBuildPhase;
			buildActionMask = 2147483647;
			files = (
			);
			runOnlyForDeploymentPostprocessing = 0;
		};
		083FB3382826709500D2D2F9 /* Resources */ = {
			isa = PBXResourcesBuildPhase;
			buildActionMask = 2147483647;
			files = (
			);
			runOnlyForDeploymentPostprocessing = 0;
		};
		083FB34F2826747400D2D2F9 /* Resources */ = {
			isa = PBXResourcesBuildPhase;
			buildActionMask = 2147483647;
			files = (
			);
			runOnlyForDeploymentPostprocessing = 0;
		};
/* End PBXResourcesBuildPhase section */

/* Begin PBXSourcesBuildPhase section */
		083FB31B2826709400D2D2F9 /* Sources */ = {
			isa = PBXSourcesBuildPhase;
			buildActionMask = 2147483647;
			files = (
				083FB3252826709400D2D2F9 /* ContentView.swift in Sources */,
				083FB3232826709400D2D2F9 /* CodeTempleApp.swift in Sources */,
			);
			runOnlyForDeploymentPostprocessing = 0;
		};
		083FB32C2826709500D2D2F9 /* Sources */ = {
			isa = PBXSourcesBuildPhase;
			buildActionMask = 2147483647;
			files = (
				083FB3352826709500D2D2F9 /* CodeTempleTests.swift in Sources */,
			);
			runOnlyForDeploymentPostprocessing = 0;
		};
		083FB3362826709500D2D2F9 /* Sources */ = {
			isa = PBXSourcesBuildPhase;
			buildActionMask = 2147483647;
			files = (
				083FB3412826709500D2D2F9 /* CodeTempleUITestsLaunchTests.swift in Sources */,
				083FB33F2826709500D2D2F9 /* CodeTempleUITests.swift in Sources */,
			);
			runOnlyForDeploymentPostprocessing = 0;
		};
		083FB34D2826747400D2D2F9 /* Sources */ = {
			isa = PBXSourcesBuildPhase;
			buildActionMask = 2147483647;
			files = (
				083FB3592826747400D2D2F9 /* SourceEditorExtension.swift in Sources */,
				083FB36F282A118C00D2D2F9 /* CTCodeInserter.swift in Sources */,
				083FB35B2826747400D2D2F9 /* SourceEditorCommand.swift in Sources */,
				083FB36D282A0E7F00D2D2F9 /* CTCodeContext.swift in Sources */,
			);
			runOnlyForDeploymentPostprocessing = 0;
		};
/* End PBXSourcesBuildPhase section */

/* Begin PBXTargetDependency section */
		083FB3322826709500D2D2F9 /* PBXTargetDependency */ = {
			isa = PBXTargetDependency;
			target = 083FB31E2826709400D2D2F9 /* CodeTemple */;
			targetProxy = 083FB3312826709500D2D2F9 /* PBXContainerItemProxy */;
		};
		083FB33C2826709500D2D2F9 /* PBXTargetDependency */ = {
			isa = PBXTargetDependency;
			target = 083FB31E2826709400D2D2F9 /* CodeTemple */;
			targetProxy = 083FB33B2826709500D2D2F9 /* PBXContainerItemProxy */;
		};
		083FB35F2826747400D2D2F9 /* PBXTargetDependency */ = {
			isa = PBXTargetDependency;
			target = 083FB3502826747400D2D2F9 /* UICodeTemplate */;
			targetProxy = 083FB35E2826747400D2D2F9 /* PBXContainerItemProxy */;
		};
/* End PBXTargetDependency section */

/* Begin XCBuildConfiguration section */
		083FB3422826709500D2D2F9 /* Debug */ = {
			isa = XCBuildConfiguration;
			buildSettings = {
				ALWAYS_SEARCH_USER_PATHS = NO;
				CLANG_ANALYZER_NONNULL = YES;
				CLANG_ANALYZER_NUMBER_OBJECT_CONVERSION = YES_AGGRESSIVE;
				CLANG_CXX_LANGUAGE_STANDARD = "gnu++17";
				CLANG_ENABLE_MODULES = YES;
				CLANG_ENABLE_OBJC_ARC = YES;
				CLANG_ENABLE_OBJC_WEAK = YES;
				CLANG_WARN_BLOCK_CAPTURE_AUTORELEASING = YES;
				CLANG_WARN_BOOL_CONVERSION = YES;
				CLANG_WARN_COMMA = YES;
				CLANG_WARN_CONSTANT_CONVERSION = YES;
				CLANG_WARN_DEPRECATED_OBJC_IMPLEMENTATIONS = YES;
				CLANG_WARN_DIRECT_OBJC_ISA_USAGE = YES_ERROR;
				CLANG_WARN_DOCUMENTATION_COMMENTS = YES;
				CLANG_WARN_EMPTY_BODY = YES;
				CLANG_WARN_ENUM_CONVERSION = YES;
				CLANG_WARN_INFINITE_RECURSION = YES;
				CLANG_WARN_INT_CONVERSION = YES;
				CLANG_WARN_NON_LITERAL_NULL_CONVERSION = YES;
				CLANG_WARN_OBJC_IMPLICIT_RETAIN_SELF = YES;
				CLANG_WARN_OBJC_LITERAL_CONVERSION = YES;
				CLANG_WARN_OBJC_ROOT_CLASS = YES_ERROR;
				CLANG_WARN_QUOTED_INCLUDE_IN_FRAMEWORK_HEADER = YES;
				CLANG_WARN_RANGE_LOOP_ANALYSIS = YES;
				CLANG_WARN_STRICT_PROTOTYPES = YES;
				CLANG_WARN_SUSPICIOUS_MOVE = YES;
				CLANG_WARN_UNGUARDED_AVAILABILITY = YES_AGGRESSIVE;
				CLANG_WARN_UNREACHABLE_CODE = YES;
				CLANG_WARN__DUPLICATE_METHOD_MATCH = YES;
				COPY_PHASE_STRIP = NO;
				DEBUG_INFORMATION_FORMAT = dwarf;
				ENABLE_STRICT_OBJC_MSGSEND = YES;
				ENABLE_TESTABILITY = YES;
				GCC_C_LANGUAGE_STANDARD = gnu11;
				GCC_DYNAMIC_NO_PIC = NO;
				GCC_NO_COMMON_BLOCKS = YES;
				GCC_OPTIMIZATION_LEVEL = 0;
				GCC_PREPROCESSOR_DEFINITIONS = (
					"DEBUG=1",
					"$(inherited)",
				);
				GCC_WARN_64_TO_32_BIT_CONVERSION = YES;
				GCC_WARN_ABOUT_RETURN_TYPE = YES_ERROR;
				GCC_WARN_UNDECLARED_SELECTOR = YES;
				GCC_WARN_UNINITIALIZED_AUTOS = YES_AGGRESSIVE;
				GCC_WARN_UNUSED_FUNCTION = YES;
				GCC_WARN_UNUSED_VARIABLE = YES;
				MACOSX_DEPLOYMENT_TARGET = 12.3;
				MTL_ENABLE_DEBUG_INFO = INCLUDE_SOURCE;
				MTL_FAST_MATH = YES;
				ONLY_ACTIVE_ARCH = YES;
				SDKROOT = macosx;
				SWIFT_ACTIVE_COMPILATION_CONDITIONS = DEBUG;
				SWIFT_OPTIMIZATION_LEVEL = "-Onone";
			};
			name = Debug;
		};
		083FB3432826709500D2D2F9 /* Release */ = {
			isa = XCBuildConfiguration;
			buildSettings = {
				ALWAYS_SEARCH_USER_PATHS = NO;
				CLANG_ANALYZER_NONNULL = YES;
				CLANG_ANALYZER_NUMBER_OBJECT_CONVERSION = YES_AGGRESSIVE;
				CLANG_CXX_LANGUAGE_STANDARD = "gnu++17";
				CLANG_ENABLE_MODULES = YES;
				CLANG_ENABLE_OBJC_ARC = YES;
				CLANG_ENABLE_OBJC_WEAK = YES;
				CLANG_WARN_BLOCK_CAPTURE_AUTORELEASING = YES;
				CLANG_WARN_BOOL_CONVERSION = YES;
				CLANG_WARN_COMMA = YES;
				CLANG_WARN_CONSTANT_CONVERSION = YES;
				CLANG_WARN_DEPRECATED_OBJC_IMPLEMENTATIONS = YES;
				CLANG_WARN_DIRECT_OBJC_ISA_USAGE = YES_ERROR;
				CLANG_WARN_DOCUMENTATION_COMMENTS = YES;
				CLANG_WARN_EMPTY_BODY = YES;
				CLANG_WARN_ENUM_CONVERSION = YES;
				CLANG_WARN_INFINITE_RECURSION = YES;
				CLANG_WARN_INT_CONVERSION = YES;
				CLANG_WARN_NON_LITERAL_NULL_CONVERSION = YES;
				CLANG_WARN_OBJC_IMPLICIT_RETAIN_SELF = YES;
				CLANG_WARN_OBJC_LITERAL_CONVERSION = YES;
				CLANG_WARN_OBJC_ROOT_CLASS = YES_ERROR;
				CLANG_WARN_QUOTED_INCLUDE_IN_FRAMEWORK_HEADER = YES;
				CLANG_WARN_RANGE_LOOP_ANALYSIS = YES;
				CLANG_WARN_STRICT_PROTOTYPES = YES;
				CLANG_WARN_SUSPICIOUS_MOVE = YES;
				CLANG_WARN_UNGUARDED_AVAILABILITY = YES_AGGRESSIVE;
				CLANG_WARN_UNREACHABLE_CODE = YES;
				CLANG_WARN__DUPLICATE_METHOD_MATCH = YES;
				COPY_PHASE_STRIP = NO;
				DEBUG_INFORMATION_FORMAT = "dwarf-with-dsym";
				ENABLE_NS_ASSERTIONS = NO;
				ENABLE_STRICT_OBJC_MSGSEND = YES;
				GCC_C_LANGUAGE_STANDARD = gnu11;
				GCC_NO_COMMON_BLOCKS = YES;
				GCC_WARN_64_TO_32_BIT_CONVERSION = YES;
				GCC_WARN_ABOUT_RETURN_TYPE = YES_ERROR;
				GCC_WARN_UNDECLARED_SELECTOR = YES;
				GCC_WARN_UNINITIALIZED_AUTOS = YES_AGGRESSIVE;
				GCC_WARN_UNUSED_FUNCTION = YES;
				GCC_WARN_UNUSED_VARIABLE = YES;
				MACOSX_DEPLOYMENT_TARGET = 12.3;
				MTL_ENABLE_DEBUG_INFO = NO;
				MTL_FAST_MATH = YES;
				SDKROOT = macosx;
				SWIFT_COMPILATION_MODE = wholemodule;
				SWIFT_OPTIMIZATION_LEVEL = "-O";
			};
			name = Release;
		};
		083FB3452826709500D2D2F9 /* Debug */ = {
			isa = XCBuildConfiguration;
			buildSettings = {
				ALWAYS_EMBED_SWIFT_STANDARD_LIBRARIES = YES;
				ASSETCATALOG_COMPILER_APPICON_NAME = AppIcon;
				ASSETCATALOG_COMPILER_GLOBAL_ACCENT_COLOR_NAME = AccentColor;
				CODE_SIGN_ENTITLEMENTS = CodeTemple/CodeTemple.entitlements;
				CODE_SIGN_STYLE = Automatic;
				COMBINE_HIDPI_IMAGES = YES;
				CURRENT_PROJECT_VERSION = 1;
				DEVELOPMENT_ASSET_PATHS = "\"CodeTemple/Preview Content\"";
				DEVELOPMENT_TEAM = "";
				ENABLE_PREVIEWS = YES;
				GENERATE_INFOPLIST_FILE = YES;
				INFOPLIST_KEY_NSHumanReadableCopyright = "";
				LD_RUNPATH_SEARCH_PATHS = (
					"$(inherited)",
					"@executable_path/../Frameworks",
				);
				MARKETING_VERSION = 1.0;
				PRODUCT_BUNDLE_IDENTIFIER = com.airwen.CodeTemple;
				PRODUCT_NAME = "$(TARGET_NAME)";
				SWIFT_EMIT_LOC_STRINGS = YES;
				SWIFT_VERSION = 5.0;
			};
			name = Debug;
		};
		083FB3462826709500D2D2F9 /* Release */ = {
			isa = XCBuildConfiguration;
			buildSettings = {
				ALWAYS_EMBED_SWIFT_STANDARD_LIBRARIES = YES;
				ASSETCATALOG_COMPILER_APPICON_NAME = AppIcon;
				ASSETCATALOG_COMPILER_GLOBAL_ACCENT_COLOR_NAME = AccentColor;
				CODE_SIGN_ENTITLEMENTS = CodeTemple/CodeTemple.entitlements;
				CODE_SIGN_STYLE = Automatic;
				COMBINE_HIDPI_IMAGES = YES;
				CURRENT_PROJECT_VERSION = 1;
				DEVELOPMENT_ASSET_PATHS = "\"CodeTemple/Preview Content\"";
				DEVELOPMENT_TEAM = "";
				ENABLE_PREVIEWS = YES;
				GENERATE_INFOPLIST_FILE = YES;
				INFOPLIST_KEY_NSHumanReadableCopyright = "";
				LD_RUNPATH_SEARCH_PATHS = (
					"$(inherited)",
					"@executable_path/../Frameworks",
				);
				MARKETING_VERSION = 1.0;
				PRODUCT_BUNDLE_IDENTIFIER = com.airwen.CodeTemple;
				PRODUCT_NAME = "$(TARGET_NAME)";
				SWIFT_EMIT_LOC_STRINGS = YES;
				SWIFT_VERSION = 5.0;
			};
			name = Release;
		};
		083FB3482826709500D2D2F9 /* Debug */ = {
			isa = XCBuildConfiguration;
			buildSettings = {
				ALWAYS_EMBED_SWIFT_STANDARD_LIBRARIES = YES;
				BUNDLE_LOADER = "$(TEST_HOST)";
				CODE_SIGN_STYLE = Automatic;
				CURRENT_PROJECT_VERSION = 1;
				GENERATE_INFOPLIST_FILE = YES;
				MACOSX_DEPLOYMENT_TARGET = 12.3;
				MARKETING_VERSION = 1.0;
				PRODUCT_BUNDLE_IDENTIFIER = com.ellison.CodeTempleTests;
				PRODUCT_NAME = "$(TARGET_NAME)";
				SWIFT_EMIT_LOC_STRINGS = NO;
				SWIFT_VERSION = 5.0;
				TEST_HOST = "$(BUILT_PRODUCTS_DIR)/CodeTemple.app/Contents/MacOS/CodeTemple";
			};
			name = Debug;
		};
		083FB3492826709500D2D2F9 /* Release */ = {
			isa = XCBuildConfiguration;
			buildSettings = {
				ALWAYS_EMBED_SWIFT_STANDARD_LIBRARIES = YES;
				BUNDLE_LOADER = "$(TEST_HOST)";
				CODE_SIGN_STYLE = Automatic;
				CURRENT_PROJECT_VERSION = 1;
				GENERATE_INFOPLIST_FILE = YES;
				MACOSX_DEPLOYMENT_TARGET = 12.3;
				MARKETING_VERSION = 1.0;
				PRODUCT_BUNDLE_IDENTIFIER = com.ellison.CodeTempleTests;
				PRODUCT_NAME = "$(TARGET_NAME)";
				SWIFT_EMIT_LOC_STRINGS = NO;
				SWIFT_VERSION = 5.0;
				TEST_HOST = "$(BUILT_PRODUCTS_DIR)/CodeTemple.app/Contents/MacOS/CodeTemple";
			};
			name = Release;
		};
		083FB34B2826709500D2D2F9 /* Debug */ = {
			isa = XCBuildConfiguration;
			buildSettings = {
				ALWAYS_EMBED_SWIFT_STANDARD_LIBRARIES = YES;
				CODE_SIGN_IDENTITY = "Apple Development";
				CODE_SIGN_STYLE = Automatic;
				CURRENT_PROJECT_VERSION = 1;
				DEVELOPMENT_TEAM = L23Q5PD4Y3;
				GENERATE_INFOPLIST_FILE = YES;
				MARKETING_VERSION = 1.0;
				PRODUCT_BUNDLE_IDENTIFIER = com.ellison.CodeTempleUITests;
				PRODUCT_NAME = "$(TARGET_NAME)";
				SWIFT_EMIT_LOC_STRINGS = NO;
				SWIFT_VERSION = 5.0;
				TEST_TARGET_NAME = CodeTemple;
			};
			name = Debug;
		};
		083FB34C2826709500D2D2F9 /* Release */ = {
			isa = XCBuildConfiguration;
			buildSettings = {
				ALWAYS_EMBED_SWIFT_STANDARD_LIBRARIES = YES;
				CODE_SIGN_IDENTITY = "Apple Development";
				CODE_SIGN_STYLE = Automatic;
				CURRENT_PROJECT_VERSION = 1;
				GENERATE_INFOPLIST_FILE = YES;
				MARKETING_VERSION = 1.0;
				PRODUCT_BUNDLE_IDENTIFIER = com.ellison.CodeTempleUITests;
				PRODUCT_NAME = "$(TARGET_NAME)";
				SWIFT_EMIT_LOC_STRINGS = NO;
				SWIFT_VERSION = 5.0;
				TEST_TARGET_NAME = CodeTemple;
			};
			name = Release;
		};
		083FB3622826747400D2D2F9 /* Debug */ = {
			isa = XCBuildConfiguration;
			buildSettings = {
				CODE_SIGN_ENTITLEMENTS = UICodeTemplate/UICodeTemplate.entitlements;
				CODE_SIGN_STYLE = Automatic;
				COMBINE_HIDPI_IMAGES = YES;
				CURRENT_PROJECT_VERSION = 1;
				DEVELOPMENT_TEAM = "";
				GENERATE_INFOPLIST_FILE = YES;
				INFOPLIST_FILE = UICodeTemplate/Info.plist;
				INFOPLIST_KEY_CFBundleDisplayName = XcodeCodeTemplate;
				INFOPLIST_KEY_NSHumanReadableCopyright = "";
				LD_RUNPATH_SEARCH_PATHS = (
					"$(inherited)",
					"@executable_path/../Frameworks",
					"@executable_path/../../../../Frameworks",
				);
				MARKETING_VERSION = 1.0;
				PRODUCT_BUNDLE_IDENTIFIER = com.airwen.CodeTemple.UICodeTemplate;
				PRODUCT_NAME = "$(TARGET_NAME)";
				SKIP_INSTALL = YES;
				SWIFT_EMIT_LOC_STRINGS = YES;
				SWIFT_VERSION = 5.0;
			};
			name = Debug;
		};
		083FB3632826747400D2D2F9 /* Release */ = {
			isa = XCBuildConfiguration;
			buildSettings = {
				CODE_SIGN_ENTITLEMENTS = UICodeTemplate/UICodeTemplate.entitlements;
				CODE_SIGN_STYLE = Automatic;
				COMBINE_HIDPI_IMAGES = YES;
				CURRENT_PROJECT_VERSION = 1;
				DEVELOPMENT_TEAM = "";
				GENERATE_INFOPLIST_FILE = YES;
				INFOPLIST_FILE = UICodeTemplate/Info.plist;
				INFOPLIST_KEY_CFBundleDisplayName = XcodeCodeTemplate;
				INFOPLIST_KEY_NSHumanReadableCopyright = "";
				LD_RUNPATH_SEARCH_PATHS = (
					"$(inherited)",
					"@executable_path/../Frameworks",
					"@executable_path/../../../../Frameworks",
				);
				MARKETING_VERSION = 1.0;
				PRODUCT_BUNDLE_IDENTIFIER = com.airwen.CodeTemple.UICodeTemplate;
				PRODUCT_NAME = "$(TARGET_NAME)";
				SKIP_INSTALL = YES;
				SWIFT_EMIT_LOC_STRINGS = YES;
				SWIFT_VERSION = 5.0;
			};
			name = Release;
		};
/* End XCBuildConfiguration section */

/* Begin XCConfigurationList section */
		083FB31A2826709400D2D2F9 /* Build configuration list for PBXProject "CodeTemple" */ = {
			isa = XCConfigurationList;
			buildConfigurations = (
				083FB3422826709500D2D2F9 /* Debug */,
				083FB3432826709500D2D2F9 /* Release */,
			);
			defaultConfigurationIsVisible = 0;
			defaultConfigurationName = Release;
		};
		083FB3442826709500D2D2F9 /* Build configuration list for PBXNativeTarget "CodeTemple" */ = {
			isa = XCConfigurationList;
			buildConfigurations = (
				083FB3452826709500D2D2F9 /* Debug */,
				083FB3462826709500D2D2F9 /* Release */,
			);
			defaultConfigurationIsVisible = 0;
			defaultConfigurationName = Release;
		};
		083FB3472826709500D2D2F9 /* Build configuration list for PBXNativeTarget "CodeTempleTests" */ = {
			isa = XCConfigurationList;
			buildConfigurations = (
				083FB3482826709500D2D2F9 /* Debug */,
				083FB3492826709500D2D2F9 /* Release */,
			);
			defaultConfigurationIsVisible = 0;
			defaultConfigurationName = Release;
		};
		083FB34A2826709500D2D2F9 /* Build configuration list for PBXNativeTarget "CodeTempleUITests" */ = {
			isa = XCConfigurationList;
			buildConfigurations = (
				083FB34B2826709500D2D2F9 /* Debug */,
				083FB34C2826709500D2D2F9 /* Release */,
			);
			defaultConfigurationIsVisible = 0;
			defaultConfigurationName = Release;
		};
		083FB3612826747400D2D2F9 /* Build configuration list for PBXNativeTarget "UICodeTemplate" */ = {
			isa = XCConfigurationList;
			buildConfigurations = (
				083FB3622826747400D2D2F9 /* Debug */,
				083FB3632826747400D2D2F9 /* Release */,
			);
			defaultConfigurationIsVisible = 0;
			defaultConfigurationName = Release;
		};
/* End XCConfigurationList section */
	};
	rootObject = 083FB3172826709400D2D2F9 /* Project object */;
}
